
Microsoft Visual Studio Solution File, Format Version 12.00
# Visual Studio Version 17
VisualStudioVersion = 17.0.31912.275
MinimumVisualStudioVersion = 10.0.40219.1
Project("{FAE04EC0-301F-11D3-BF4B-00C04F79EFBC}") = "21likoclass", "21likoclass\21likoclass.csproj", "{2F961B09-D065-4E78-80E4-840A0AA2B366}"
EndProject
Global
	GlobalSection(SolutionConfigurationPlatforms) = preSolution
		Debug|Any CPU = Debug|Any CPU
		Release|Any CPU = Release|Any CPU
	EndGlobalSection
	GlobalSection(ProjectConfigurationPlatforms) = postSolution
		{2F961B09-D065-4E78-80E4-840A0AA2B366}.Debug|Any CPU.ActiveCfg = Debug|Any CPU
		{2F961B09-D065-4E78-80E4-840A0AA2B366}.Debug|Any CPU.Build.0 = Debug|Any CPU
		{2F961B09-D065-4E78-80E4-840A0AA2B366}.Release|Any CPU.ActiveCfg = Release|Any CPU
		{2F961B09-D065-4E78-80E4-840A0AA2B366}.Release|Any CPU.Build.0 = Release|Any CPU
	EndGlobalSection
	GlobalSection(SolutionProperties) = preSolution
		HideSolutionNode = FALSE
	EndGlobalSection
	GlobalSection(ExtensibilityGlobals) = postSolution
		SolutionGuid = {F5FA6A85-7FDE-4E89-B337-84EABD406545}
	EndGlobalSection
EndGlobal
